
Microsoft Visual Studio Solution File, Format Version 12.00
# Visual Studio Version 16
VisualStudioVersion = 16.0.32802.440
MinimumVisualStudioVersion = 10.0.40219.1
Project("{8BC9CEB8-8B4A-11D0-8D11-00A0C91BC942}") = "23.11.2022", "23.11.2022\23.11.2022.vcxproj", "{532D93BB-3E9F-42A1-B8F9-B0A632DCBFB4}"
EndProject
Global
	GlobalSection(SolutionConfigurationPlatforms) = preSolution
		Debug|x64 = Debug|x64
		Debug|x86 = Debug|x86
		Release|x64 = Release|x64
		Release|x86 = Release|x86
	EndGlobalSection
	GlobalSection(ProjectConfigurationPlatforms) = postSolution
		{532D93BB-3E9F-42A1-B8F9-B0A632DCBFB4}.Debug|x64.ActiveCfg = Debug|x64
		{532D93BB-3E9F-42A1-B8F9-B0A632DCBFB4}.Debug|x64.Build.0 = Debug|x64
		{532D93BB-3E9F-42A1-B8F9-B0A632DCBFB4}.Debug|x86.ActiveCfg = Debug|Win32
		{532D93BB-3E9F-42A1-B8F9-B0A632DCBFB4}.Debug|x86.Build.0 = Debug|Win32
		{532D93BB-3E9F-42A1-B8F9-B0A632DCBFB4}.Release|x64.ActiveCfg = Release|x64
		{532D93BB-3E9F-42A1-B8F9-B0A632DCBFB4}.Release|x64.Build.0 = Release|x64
		{532D93BB-3E9F-42A1-B8F9-B0A632DCBFB4}.Release|x86.ActiveCfg = Release|Win32
		{532D93BB-3E9F-42A1-B8F9-B0A632DCBFB4}.Release|x86.Build.0 = Release|Win32
	EndGlobalSection
	GlobalSection(SolutionProperties) = preSolution
		HideSolutionNode = FALSE
	EndGlobalSection
	GlobalSection(ExtensibilityGlobals) = postSolution
		SolutionGuid = {F68BA553-7E58-4644-82B7-24262C06EE74}
	EndGlobalSection
EndGlobal
